// !$*UTF8*$!
{
	archiveVersion = 1;
	classes = {
	};
	objectVersion = 56;
	objects = {

/* Begin PBXBuildFile section */
		F240548C2A6018B3009F43C8 /* AppDelegate.swift in Sources */ = {isa = PBXBuildFile; fileRef = F240548B2A6018B3009F43C8 /* AppDelegate.swift */; };
		F240548E2A6018B3009F43C8 /* SceneDelegate.swift in Sources */ = {isa = PBXBuildFile; fileRef = F240548D2A6018B3009F43C8 /* SceneDelegate.swift */; };
		F24054932A6018B3009F43C8 /* Main.storyboard in Resources */ = {isa = PBXBuildFile; fileRef = F24054912A6018B3009F43C8 /* Main.storyboard */; };
		F24054952A6018B4009F43C8 /* Assets.xcassets in Resources */ = {isa = PBXBuildFile; fileRef = F24054942A6018B4009F43C8 /* Assets.xcassets */; };
		F24054982A6018B4009F43C8 /* LaunchScreen.storyboard in Resources */ = {isa = PBXBuildFile; fileRef = F24054962A6018B4009F43C8 /* LaunchScreen.storyboard */; };
		F24054A02A601961009F43C8 /* RecipeListView.swift in Sources */ = {isa = PBXBuildFile; fileRef = F240549F2A601961009F43C8 /* RecipeListView.swift */; };
		F24054A22A601A24009F43C8 /* RecipeListViewCell.swift in Sources */ = {isa = PBXBuildFile; fileRef = F24054A12A601A24009F43C8 /* RecipeListViewCell.swift */; };
		F24054AA2A601CA8009F43C8 /* Recipe.swift in Sources */ = {isa = PBXBuildFile; fileRef = F24054A92A601CA8009F43C8 /* Recipe.swift */; };
		F24054AC2A601DAE009F43C8 /* RecipeListViewModel.swift in Sources */ = {isa = PBXBuildFile; fileRef = F24054AB2A601DAE009F43C8 /* RecipeListViewModel.swift */; };
		F24054AE2A602748009F43C8 /* ApiService.swift in Sources */ = {isa = PBXBuildFile; fileRef = F24054AD2A602748009F43C8 /* ApiService.swift */; };
/* End PBXBuildFile section */

/* Begin PBXFileReference section */
		F24054882A6018B3009F43C8 /* Appetizer.app */ = {isa = PBXFileReference; explicitFileType = wrapper.application; includeInIndex = 0; path = Appetizer.app; sourceTree = BUILT_PRODUCTS_DIR; };
		F240548B2A6018B3009F43C8 /* AppDelegate.swift */ = {isa = PBXFileReference; lastKnownFileType = sourcecode.swift; path = AppDelegate.swift; sourceTree = "<group>"; };
		F240548D2A6018B3009F43C8 /* SceneDelegate.swift */ = {isa = PBXFileReference; lastKnownFileType = sourcecode.swift; path = SceneDelegate.swift; sourceTree = "<group>"; };
		F24054922A6018B3009F43C8 /* Base */ = {isa = PBXFileReference; lastKnownFileType = file.storyboard; name = Base; path = Base.lproj/Main.storyboard; sourceTree = "<group>"; };
		F24054942A6018B4009F43C8 /* Assets.xcassets */ = {isa = PBXFileReference; lastKnownFileType = folder.assetcatalog; path = Assets.xcassets; sourceTree = "<group>"; };
		F24054972A6018B4009F43C8 /* Base */ = {isa = PBXFileReference; lastKnownFileType = file.storyboard; name = Base; path = Base.lproj/LaunchScreen.storyboard; sourceTree = "<group>"; };
		F24054992A6018B4009F43C8 /* Info.plist */ = {isa = PBXFileReference; lastKnownFileType = text.plist.xml; path = Info.plist; sourceTree = "<group>"; };
		F240549F2A601961009F43C8 /* RecipeListView.swift */ = {isa = PBXFileReference; lastKnownFileType = sourcecode.swift; path = RecipeListView.swift; sourceTree = "<group>"; };
		F24054A12A601A24009F43C8 /* RecipeListViewCell.swift */ = {isa = PBXFileReference; lastKnownFileType = sourcecode.swift; path = RecipeListViewCell.swift; sourceTree = "<group>"; };
		F24054A92A601CA8009F43C8 /* Recipe.swift */ = {isa = PBXFileReference; lastKnownFileType = sourcecode.swift; path = Recipe.swift; sourceTree = "<group>"; };
		F24054AB2A601DAE009F43C8 /* RecipeListViewModel.swift */ = {isa = PBXFileReference; lastKnownFileType = sourcecode.swift; path = RecipeListViewModel.swift; sourceTree = "<group>"; };
		F24054AD2A602748009F43C8 /* ApiService.swift */ = {isa = PBXFileReference; lastKnownFileType = sourcecode.swift; path = ApiService.swift; sourceTree = "<group>"; };
/* End PBXFileReference section */

/* Begin PBXFrameworksBuildPhase section */
		F24054852A6018B3009F43C8 /* Frameworks */ = {
			isa = PBXFrameworksBuildPhase;
			buildActionMask = 2147483647;
			files = (
			);
			runOnlyForDeploymentPostprocessing = 0;
		};
/* End PBXFrameworksBuildPhase section */

/* Begin PBXGroup section */
		F240547F2A6018B3009F43C8 = {
			isa = PBXGroup;
			children = (
				F240548A2A6018B3009F43C8 /* Appetizer */,
				F24054892A6018B3009F43C8 /* Products */,
			);
			sourceTree = "<group>";
		};
		F24054892A6018B3009F43C8 /* Products */ = {
			isa = PBXGroup;
			children = (
				F24054882A6018B3009F43C8 /* Appetizer.app */,
			);
			name = Products;
			sourceTree = "<group>";
		};
		F240548A2A6018B3009F43C8 /* Appetizer */ = {
			isa = PBXGroup;
			children = (
				F24054A82A601C93009F43C8 /* Model */,
				F24054A62A601B9C009F43C8 /* RecipeList */,
				F24054A52A601B89009F43C8 /* Storyboards */,
				F24054A72A601BD7009F43C8 /* ViewCells */,
				F24054A42A601B79009F43C8 /* Configuration */,
				F24054A32A601B5B009F43C8 /* Resources */,
				F24054992A6018B4009F43C8 /* Info.plist */,
				F24054AD2A602748009F43C8 /* ApiService.swift */,
			);
			path = Appetizer;
			sourceTree = "<group>";
		};
		F24054A32A601B5B009F43C8 /* Resources */ = {
			isa = PBXGroup;
			children = (
				F24054942A6018B4009F43C8 /* Assets.xcassets */,
			);
			path = Resources;
			sourceTree = "<group>";
		};
		F24054A42A601B79009F43C8 /* Configuration */ = {
			isa = PBXGroup;
			children = (
				F240548D2A6018B3009F43C8 /* SceneDelegate.swift */,
				F240548B2A6018B3009F43C8 /* AppDelegate.swift */,
			);
			path = Configuration;
			sourceTree = "<group>";
		};
		F24054A52A601B89009F43C8 /* Storyboards */ = {
			isa = PBXGroup;
			children = (
				F24054912A6018B3009F43C8 /* Main.storyboard */,
				F24054962A6018B4009F43C8 /* LaunchScreen.storyboard */,
			);
			path = Storyboards;
			sourceTree = "<group>";
		};
		F24054A62A601B9C009F43C8 /* RecipeList */ = {
			isa = PBXGroup;
			children = (
				F240549F2A601961009F43C8 /* RecipeListView.swift */,
				F24054AB2A601DAE009F43C8 /* RecipeListViewModel.swift */,
			);
			path = RecipeList;
			sourceTree = "<group>";
		};
		F24054A72A601BD7009F43C8 /* ViewCells */ = {
			isa = PBXGroup;
			children = (
				F24054A12A601A24009F43C8 /* RecipeListViewCell.swift */,
			);
			path = ViewCells;
			sourceTree = "<group>";
		};
		F24054A82A601C93009F43C8 /* Model */ = {
			isa = PBXGroup;
			children = (
				F24054A92A601CA8009F43C8 /* Recipe.swift */,
			);
			path = Model;
			sourceTree = "<group>";
		};
/* End PBXGroup section */

/* Begin PBXNativeTarget section */
		F24054872A6018B3009F43C8 /* Appetizer */ = {
			isa = PBXNativeTarget;
			buildConfigurationList = F240549C2A6018B4009F43C8 /* Build configuration list for PBXNativeTarget "Appetizer" */;
			buildPhases = (
				F24054842A6018B3009F43C8 /* Sources */,
				F24054852A6018B3009F43C8 /* Frameworks */,
				F24054862A6018B3009F43C8 /* Resources */,
			);
			buildRules = (
			);
			dependencies = (
			);
			name = Appetizer;
			productName = Appetizer;
			productReference = F24054882A6018B3009F43C8 /* Appetizer.app */;
			productType = "com.apple.product-type.application";
		};
/* End PBXNativeTarget section */

/* Begin PBXProject section */
		F24054802A6018B3009F43C8 /* Project object */ = {
			isa = PBXProject;
			attributes = {
				BuildIndependentTargetsInParallel = 1;
				LastSwiftUpdateCheck = 1420;
				LastUpgradeCheck = 1420;
				TargetAttributes = {
					F24054872A6018B3009F43C8 = {
						CreatedOnToolsVersion = 14.2;
					};
				};
			};
			buildConfigurationList = F24054832A6018B3009F43C8 /* Build configuration list for PBXProject "Appetizer" */;
			compatibilityVersion = "Xcode 14.0";
			developmentRegion = en;
			hasScannedForEncodings = 0;
			knownRegions = (
				en,
				Base,
			);
			mainGroup = F240547F2A6018B3009F43C8;
			productRefGroup = F24054892A6018B3009F43C8 /* Products */;
			projectDirPath = "";
			projectRoot = "";
			targets = (
				F24054872A6018B3009F43C8 /* Appetizer */,
			);
		};
/* End PBXProject section */

/* Begin PBXResourcesBuildPhase section */
		F24054862A6018B3009F43C8 /* Resources */ = {
			isa = PBXResourcesBuildPhase;
			buildActionMask = 2147483647;
			files = (
				F24054982A6018B4009F43C8 /* LaunchScreen.storyboard in Resources */,
				F24054952A6018B4009F43C8 /* Assets.xcassets in Resources */,
				F24054932A6018B3009F43C8 /* Main.storyboard in Resources */,
			);
			runOnlyForDeploymentPostprocessing = 0;
		};
/* End PBXResourcesBuildPhase section */

/* Begin PBXSourcesBuildPhase section */
		F24054842A6018B3009F43C8 /* Sources */ = {
			isa = PBXSourcesBuildPhase;
			buildActionMask = 2147483647;
			files = (
				F24054A02A601961009F43C8 /* RecipeListView.swift in Sources */,
				F240548C2A6018B3009F43C8 /* AppDelegate.swift in Sources */,
				F24054AC2A601DAE009F43C8 /* RecipeListViewModel.swift in Sources */,
				F24054A22A601A24009F43C8 /* RecipeListViewCell.swift in Sources */,
				F240548E2A6018B3009F43C8 /* SceneDelegate.swift in Sources */,
				F24054AE2A602748009F43C8 /* ApiService.swift in Sources */,
				F24054AA2A601CA8009F43C8 /* Recipe.swift in Sources */,
			);
			runOnlyForDeploymentPostprocessing = 0;
		};
/* End PBXSourcesBuildPhase section */

/* Begin PBXVariantGroup section */
		F24054912A6018B3009F43C8 /* Main.storyboard */ = {
			isa = PBXVariantGroup;
			children = (
				F24054922A6018B3009F43C8 /* Base */,
			);
			name = Main.storyboard;
			sourceTree = "<group>";
		};
		F24054962A6018B4009F43C8 /* LaunchScreen.storyboard */ = {
			isa = PBXVariantGroup;
			children = (
				F24054972A6018B4009F43C8 /* Base */,
			);
			name = LaunchScreen.storyboard;
			sourceTree = "<group>";
		};
/* End PBXVariantGroup section */

/* Begin XCBuildConfiguration section */
		F240549A2A6018B4009F43C8 /* Debug */ = {
			isa = XCBuildConfiguration;
			buildSettings = {
				ALWAYS_SEARCH_USER_PATHS = NO;
				CLANG_ANALYZER_NONNULL = YES;
				CLANG_ANALYZER_NUMBER_OBJECT_CONVERSION = YES_AGGRESSIVE;
				CLANG_CXX_LANGUAGE_STANDARD = "gnu++20";
				CLANG_ENABLE_MODULES = YES;
				CLANG_ENABLE_OBJC_ARC = YES;
				CLANG_ENABLE_OBJC_WEAK = YES;
				CLANG_WARN_BLOCK_CAPTURE_AUTORELEASING = YES;
				CLANG_WARN_BOOL_CONVERSION = YES;
				CLANG_WARN_COMMA = YES;
				CLANG_WARN_CONSTANT_CONVERSION = YES;
				CLANG_WARN_DEPRECATED_OBJC_IMPLEMENTATIONS = YES;
				CLANG_WARN_DIRECT_OBJC_ISA_USAGE = YES_ERROR;
				CLANG_WARN_DOCUMENTATION_COMMENTS = YES;
				CLANG_WARN_EMPTY_BODY = YES;
				CLANG_WARN_ENUM_CONVERSION = YES;
				CLANG_WARN_INFINITE_RECURSION = YES;
				CLANG_WARN_INT_CONVERSION = YES;
				CLANG_WARN_NON_LITERAL_NULL_CONVERSION = YES;
				CLANG_WARN_OBJC_IMPLICIT_RETAIN_SELF = YES;
				CLANG_WARN_OBJC_LITERAL_CONVERSION = YES;
				CLANG_WARN_OBJC_ROOT_CLASS = YES_ERROR;
				CLANG_WARN_QUOTED_INCLUDE_IN_FRAMEWORK_HEADER = YES;
				CLANG_WARN_RANGE_LOOP_ANALYSIS = YES;
				CLANG_WARN_STRICT_PROTOTYPES = YES;
				CLANG_WARN_SUSPICIOUS_MOVE = YES;
				CLANG_WARN_UNGUARDED_AVAILABILITY = YES_AGGRESSIVE;
				CLANG_WARN_UNREACHABLE_CODE = YES;
				CLANG_WARN__DUPLICATE_METHOD_MATCH = YES;
				COPY_PHASE_STRIP = NO;
				DEBUG_INFORMATION_FORMAT = dwarf;
				ENABLE_STRICT_OBJC_MSGSEND = YES;
				ENABLE_TESTABILITY = YES;
				GCC_C_LANGUAGE_STANDARD = gnu11;
				GCC_DYNAMIC_NO_PIC = NO;
				GCC_NO_COMMON_BLOCKS = YES;
				GCC_OPTIMIZATION_LEVEL = 0;
				GCC_PREPROCESSOR_DEFINITIONS = (
					"DEBUG=1",
					"$(inherited)",
				);
				GCC_WARN_64_TO_32_BIT_CONVERSION = YES;
				GCC_WARN_ABOUT_RETURN_TYPE = YES_ERROR;
				GCC_WARN_UNDECLARED_SELECTOR = YES;
				GCC_WARN_UNINITIALIZED_AUTOS = YES_AGGRESSIVE;
				GCC_WARN_UNUSED_FUNCTION = YES;
				GCC_WARN_UNUSED_VARIABLE = YES;
				IPHONEOS_DEPLOYMENT_TARGET = 16.2;
				MTL_ENABLE_DEBUG_INFO = INCLUDE_SOURCE;
				MTL_FAST_MATH = YES;
				ONLY_ACTIVE_ARCH = YES;
				SDKROOT = iphoneos;
				SWIFT_ACTIVE_COMPILATION_CONDITIONS = DEBUG;
				SWIFT_OPTIMIZATION_LEVEL = "-Onone";
			};
			name = Debug;
		};
		F240549B2A6018B4009F43C8 /* Release */ = {
			isa = XCBuildConfiguration;
			buildSettings = {
				ALWAYS_SEARCH_USER_PATHS = NO;
				CLANG_ANALYZER_NONNULL = YES;
				CLANG_ANALYZER_NUMBER_OBJECT_CONVERSION = YES_AGGRESSIVE;
				CLANG_CXX_LANGUAGE_STANDARD = "gnu++20";
				CLANG_ENABLE_MODULES = YES;
				CLANG_ENABLE_OBJC_ARC = YES;
				CLANG_ENABLE_OBJC_WEAK = YES;
				CLANG_WARN_BLOCK_CAPTURE_AUTORELEASING = YES;
				CLANG_WARN_BOOL_CONVERSION = YES;
				CLANG_WARN_COMMA = YES;
				CLANG_WARN_CONSTANT_CONVERSION = YES;
				CLANG_WARN_DEPRECATED_OBJC_IMPLEMENTATIONS = YES;
				CLANG_WARN_DIRECT_OBJC_ISA_USAGE = YES_ERROR;
				CLANG_WARN_DOCUMENTATION_COMMENTS = YES;
				CLANG_WARN_EMPTY_BODY = YES;
				CLANG_WARN_ENUM_CONVERSION = YES;
				CLANG_WARN_INFINITE_RECURSION = YES;
				CLANG_WARN_INT_CONVERSION = YES;
				CLANG_WARN_NON_LITERAL_NULL_CONVERSION = YES;
				CLANG_WARN_OBJC_IMPLICIT_RETAIN_SELF = YES;
				CLANG_WARN_OBJC_LITERAL_CONVERSION = YES;
				CLANG_WARN_OBJC_ROOT_CLASS = YES_ERROR;
				CLANG_WARN_QUOTED_INCLUDE_IN_FRAMEWORK_HEADER = YES;
				CLANG_WARN_RANGE_LOOP_ANALYSIS = YES;
				CLANG_WARN_STRICT_PROTOTYPES = YES;
				CLANG_WARN_SUSPICIOUS_MOVE = YES;
				CLANG_WARN_UNGUARDED_AVAILABILITY = YES_AGGRESSIVE;
				CLANG_WARN_UNREACHABLE_CODE = YES;
				CLANG_WARN__DUPLICATE_METHOD_MATCH = YES;
				COPY_PHASE_STRIP = NO;
				DEBUG_INFORMATION_FORMAT = "dwarf-with-dsym";
				ENABLE_NS_ASSERTIONS = NO;
				ENABLE_STRICT_OBJC_MSGSEND = YES;
				GCC_C_LANGUAGE_STANDARD = gnu11;
				GCC_NO_COMMON_BLOCKS = YES;
				GCC_WARN_64_TO_32_BIT_CONVERSION = YES;
				GCC_WARN_ABOUT_RETURN_TYPE = YES_ERROR;
				GCC_WARN_UNDECLARED_SELECTOR = YES;
				GCC_WARN_UNINITIALIZED_AUTOS = YES_AGGRESSIVE;
				GCC_WARN_UNUSED_FUNCTION = YES;
				GCC_WARN_UNUSED_VARIABLE = YES;
				IPHONEOS_DEPLOYMENT_TARGET = 16.2;
				MTL_ENABLE_DEBUG_INFO = NO;
				MTL_FAST_MATH = YES;
				SDKROOT = iphoneos;
				SWIFT_COMPILATION_MODE = wholemodule;
				SWIFT_OPTIMIZATION_LEVEL = "-O";
				VALIDATE_PRODUCT = YES;
			};
			name = Release;
		};
		F240549D2A6018B4009F43C8 /* Debug */ = {
			isa = XCBuildConfiguration;
			buildSettings = {
				ASSETCATALOG_COMPILER_APPICON_NAME = AppIcon;
				ASSETCATALOG_COMPILER_GLOBAL_ACCENT_COLOR_NAME = AccentColor;
				CODE_SIGN_STYLE = Automatic;
				CURRENT_PROJECT_VERSION = 1;
				DEVELOPMENT_TEAM = DFF6RWX7DD;
				GENERATE_INFOPLIST_FILE = YES;
				INFOPLIST_FILE = Appetizer/Info.plist;
				INFOPLIST_KEY_UIApplicationSupportsIndirectInputEvents = YES;
				INFOPLIST_KEY_UILaunchStoryboardName = LaunchScreen;
				INFOPLIST_KEY_UIMainStoryboardFile = Main;
				INFOPLIST_KEY_UISupportedInterfaceOrientations_iPad = "UIInterfaceOrientationPortrait UIInterfaceOrientationPortraitUpsideDown UIInterfaceOrientationLandscapeLeft UIInterfaceOrientationLandscapeRight";
				INFOPLIST_KEY_UISupportedInterfaceOrientations_iPhone = "UIInterfaceOrientationPortrait UIInterfaceOrientationLandscapeLeft UIInterfaceOrientationLandscapeRight";
				LD_RUNPATH_SEARCH_PATHS = (
					"$(inherited)",
					"@executable_path/Frameworks",
				);
				MARKETING_VERSION = 1.0;
				PRODUCT_BUNDLE_IDENTIFIER = "Shady-Adel.Appetizer";
				PRODUCT_NAME = "$(TARGET_NAME)";
				SWIFT_EMIT_LOC_STRINGS = YES;
				SWIFT_VERSION = 5.0;
				TARGETED_DEVICE_FAMILY = "1,2";
			};
			name = Debug;
		};
		F240549E2A6018B4009F43C8 /* Release */ = {
			isa = XCBuildConfiguration;
			buildSettings = {
				ASSETCATALOG_COMPILER_APPICON_NAME = AppIcon;
				ASSETCATALOG_COMPILER_GLOBAL_ACCENT_COLOR_NAME = AccentColor;
				CODE_SIGN_STYLE = Automatic;
				CURRENT_PROJECT_VERSION = 1;
				DEVELOPMENT_TEAM = DFF6RWX7DD;
				GENERATE_INFOPLIST_FILE = YES;
				INFOPLIST_FILE = Appetizer/Info.plist;
				INFOPLIST_KEY_UIApplicationSupportsIndirectInputEvents = YES;
				INFOPLIST_KEY_UILaunchStoryboardName = LaunchScreen;
				INFOPLIST_KEY_UIMainStoryboardFile = Main;
				INFOPLIST_KEY_UISupportedInterfaceOrientations_iPad = "UIInterfaceOrientationPortrait UIInterfaceOrientationPortraitUpsideDown UIInterfaceOrientationLandscapeLeft UIInterfaceOrientationLandscapeRight";
				INFOPLIST_KEY_UISupportedInterfaceOrientations_iPhone = "UIInterfaceOrientationPortrait UIInterfaceOrientationLandscapeLeft UIInterfaceOrientationLandscapeRight";
				LD_RUNPATH_SEARCH_PATHS = (
					"$(inherited)",
					"@executable_path/Frameworks",
				);
				MARKETING_VERSION = 1.0;
				PRODUCT_BUNDLE_IDENTIFIER = "Shady-Adel.Appetizer";
				PRODUCT_NAME = "$(TARGET_NAME)";
				SWIFT_EMIT_LOC_STRINGS = YES;
				SWIFT_VERSION = 5.0;
				TARGETED_DEVICE_FAMILY = "1,2";
			};
			name = Release;
		};
/* End XCBuildConfiguration section */

/* Begin XCConfigurationList section */
		F24054832A6018B3009F43C8 /* Build configuration list for PBXProject "Appetizer" */ = {
			isa = XCConfigurationList;
			buildConfigurations = (
				F240549A2A6018B4009F43C8 /* Debug */,
				F240549B2A6018B4009F43C8 /* Release */,
			);
			defaultConfigurationIsVisible = 0;
			defaultConfigurationName = Release;
		};
		F240549C2A6018B4009F43C8 /* Build configuration list for PBXNativeTarget "Appetizer" */ = {
			isa = XCConfigurationList;
			buildConfigurations = (
				F240549D2A6018B4009F43C8 /* Debug */,
				F240549E2A6018B4009F43C8 /* Release */,
			);
			defaultConfigurationIsVisible = 0;
			defaultConfigurationName = Release;
		};
/* End XCConfigurationList section */
	};
	rootObject = F24054802A6018B3009F43C8 /* Project object */;
}
